
Microsoft Visual Studio Solution File, Format Version 12.00
# Visual Studio Version 16
VisualStudioVersion = 16.0.30717.126
MinimumVisualStudioVersion = 10.0.40219.1
Project("{8BC9CEB8-8B4A-11D0-8D11-00A0C91BC942}") = "ConsoleApplication2", "ConsoleApplication2\ConsoleApplication2.vcxproj", "{D0496895-C2D1-4320-9727-8C507AD6FD15}"
EndProject
Global
	GlobalSection(SolutionConfigurationPlatforms) = preSolution
		Debug|x64 = Debug|x64
		Debug|x86 = Debug|x86
		Release|x64 = Release|x64
		Release|x86 = Release|x86
	EndGlobalSection
	GlobalSection(ProjectConfigurationPlatforms) = postSolution
		{D0496895-C2D1-4320-9727-8C507AD6FD15}.Debug|x64.ActiveCfg = Debug|x64
		{D0496895-C2D1-4320-9727-8C507AD6FD15}.Debug|x64.Build.0 = Debug|x64
		{D0496895-C2D1-4320-9727-8C507AD6FD15}.Debug|x86.ActiveCfg = Debug|Win32
		{D0496895-C2D1-4320-9727-8C507AD6FD15}.Debug|x86.Build.0 = Debug|Win32
		{D0496895-C2D1-4320-9727-8C507AD6FD15}.Release|x64.ActiveCfg = Release|x64
		{D0496895-C2D1-4320-9727-8C507AD6FD15}.Release|x64.Build.0 = Release|x64
		{D0496895-C2D1-4320-9727-8C507AD6FD15}.Release|x86.ActiveCfg = Release|Win32
		{D0496895-C2D1-4320-9727-8C507AD6FD15}.Release|x86.Build.0 = Release|Win32
	EndGlobalSection
	GlobalSection(SolutionProperties) = preSolution
		HideSolutionNode = FALSE
	EndGlobalSection
	GlobalSection(ExtensibilityGlobals) = postSolution
		SolutionGuid = {5AFD65E8-460D-461A-BF75-2026C48269EA}
	EndGlobalSection
EndGlobal
